// !$*UTF8*$!
{
	archiveVersion = 1;
	classes = {
	};
	objectVersion = 77;
	objects = {

/* Begin PBXContainerItemProxy section */
		AAFDD2D12E57B7FB0005D5DA /* PBXContainerItemProxy */ = {
			isa = PBXContainerItemProxy;
			containerPortal = AAFDD2B22E57B7F90005D5DA /* Project object */;
			proxyType = 1;
			remoteGlobalIDString = AAFDD2B92E57B7F90005D5DA;
			remoteInfo = "Tilt AI V2";
		};
		AAFDD2DB2E57B7FB0005D5DA /* PBXContainerItemProxy */ = {
			isa = PBXContainerItemProxy;
			containerPortal = AAFDD2B22E57B7F90005D5DA /* Project object */;
			proxyType = 1;
			remoteGlobalIDString = AAFDD2B92E57B7F90005D5DA;
			remoteInfo = "Tilt AI V2";
		};
/* End PBXContainerItemProxy section */

/* Begin PBXFileReference section */
		AAFDD2BA2E57B7F90005D5DA /* Tilt AI V2.app */ = {isa = PBXFileReference; explicitFileType = wrapper.application; includeInIndex = 0; path = "Tilt AI V2.app"; sourceTree = BUILT_PRODUCTS_DIR; };
		AAFDD2D02E57B7FB0005D5DA /* Tilt AI V2Tests.xctest */ = {isa = PBXFileReference; explicitFileType = wrapper.cfbundle; includeInIndex = 0; path = "Tilt AI V2Tests.xctest"; sourceTree = BUILT_PRODUCTS_DIR; };
		AAFDD2DA2E57B7FB0005D5DA /* Tilt AI V2UITests.xctest */ = {isa = PBXFileReference; explicitFileType = wrapper.cfbundle; includeInIndex = 0; path = "Tilt AI V2UITests.xctest"; sourceTree = BUILT_PRODUCTS_DIR; };
/* End PBXFileReference section */

/* Begin PBXFileSystemSynchronizedBuildFileExceptionSet section */
		AAFDD2E22E57B7FB0005D5DA /* Exceptions for "Tilt AI V2" folder in "Tilt AI V2" target */ = {
			isa = PBXFileSystemSynchronizedBuildFileExceptionSet;
			membershipExceptions = (
				Info.plist,
			);
			target = AAFDD2B92E57B7F90005D5DA /* Tilt AI V2 */;
		};
/* End PBXFileSystemSynchronizedBuildFileExceptionSet section */

/* Begin PBXFileSystemSynchronizedRootGroup section */
		AAFDD2BC2E57B7F90005D5DA /* Tilt AI V2 */ = {
			isa = PBXFileSystemSynchronizedRootGroup;
			exceptions = (
				AAFDD2E22E57B7FB0005D5DA /* Exceptions for "Tilt AI V2" folder in "Tilt AI V2" target */,
			);
			path = "Tilt AI V2";
			sourceTree = "<group>";
		};
		AAFDD2D32E57B7FB0005D5DA /* Tilt AI V2Tests */ = {
			isa = PBXFileSystemSynchronizedRootGroup;
			path = "Tilt AI V2Tests";
			sourceTree = "<group>";
		};
		AAFDD2DD2E57B7FB0005D5DA /* Tilt AI V2UITests */ = {
			isa = PBXFileSystemSynchronizedRootGroup;
			path = "Tilt AI V2UITests";
			sourceTree = "<group>";
		};
/* End PBXFileSystemSynchronizedRootGroup section */

/* Begin PBXFrameworksBuildPhase section */
		AAFDD2B72E57B7F90005D5DA /* Frameworks */ = {
			isa = PBXFrameworksBuildPhase;
			buildActionMask = 2147483647;
			files = (
			);
			runOnlyForDeploymentPostprocessing = 0;
		};
		AAFDD2CD2E57B7FB0005D5DA /* Frameworks */ = {
			isa = PBXFrameworksBuildPhase;
			buildActionMask = 2147483647;
			files = (
			);
			runOnlyForDeploymentPostprocessing = 0;
		};
		AAFDD2D72E57B7FB0005D5DA /* Frameworks */ = {
			isa = PBXFrameworksBuildPhase;
			buildActionMask = 2147483647;
			files = (
			);
			runOnlyForDeploymentPostprocessing = 0;
		};
/* End PBXFrameworksBuildPhase section */

/* Begin PBXGroup section */
		AAFDD2B12E57B7F90005D5DA = {
			isa = PBXGroup;
			children = (
				AAFDD2BC2E57B7F90005D5DA /* Tilt AI V2 */,
				AAFDD2D32E57B7FB0005D5DA /* Tilt AI V2Tests */,
				AAFDD2DD2E57B7FB0005D5DA /* Tilt AI V2UITests */,
				AAFDD2BB2E57B7F90005D5DA /* Products */,
			);
			sourceTree = "<group>";
		};
		AAFDD2BB2E57B7F90005D5DA /* Products */ = {
			isa = PBXGroup;
			children = (
				AAFDD2BA2E57B7F90005D5DA /* Tilt AI V2.app */,
				AAFDD2D02E57B7FB0005D5DA /* Tilt AI V2Tests.xctest */,
				AAFDD2DA2E57B7FB0005D5DA /* Tilt AI V2UITests.xctest */,
			);
			name = Products;
			sourceTree = "<group>";
		};
/* End PBXGroup section */

/* Begin PBXNativeTarget section */
		AAFDD2B92E57B7F90005D5DA /* Tilt AI V2 */ = {
			isa = PBXNativeTarget;
			buildConfigurationList = AAFDD2E32E57B7FB0005D5DA /* Build configuration list for PBXNativeTarget "Tilt AI V2" */;
			buildPhases = (
				AAFDD2B62E57B7F90005D5DA /* Sources */,
				AAFDD2B72E57B7F90005D5DA /* Frameworks */,
				AAFDD2B82E57B7F90005D5DA /* Resources */,
			);
			buildRules = (
			);
			dependencies = (
			);
			fileSystemSynchronizedGroups = (
				AAFDD2BC2E57B7F90005D5DA /* Tilt AI V2 */,
			);
			name = "Tilt AI V2";
			packageProductDependencies = (
			);
			productName = "Tilt AI V2";
			productReference = AAFDD2BA2E57B7F90005D5DA /* Tilt AI V2.app */;
			productType = "com.apple.product-type.application";
		};
		AAFDD2CF2E57B7FB0005D5DA /* Tilt AI V2Tests */ = {
			isa = PBXNativeTarget;
			buildConfigurationList = AAFDD2E82E57B7FB0005D5DA /* Build configuration list for PBXNativeTarget "Tilt AI V2Tests" */;
			buildPhases = (
				AAFDD2CC2E57B7FB0005D5DA /* Sources */,
				AAFDD2CD2E57B7FB0005D5DA /* Frameworks */,
				AAFDD2CE2E57B7FB0005D5DA /* Resources */,
			);
			buildRules = (
			);
			dependencies = (
				AAFDD2D22E57B7FB0005D5DA /* PBXTargetDependency */,
			);
			fileSystemSynchronizedGroups = (
				AAFDD2D32E57B7FB0005D5DA /* Tilt AI V2Tests */,
			);
			name = "Tilt AI V2Tests";
			packageProductDependencies = (
			);
			productName = "Tilt AI V2Tests";
			productReference = AAFDD2D02E57B7FB0005D5DA /* Tilt AI V2Tests.xctest */;
			productType = "com.apple.product-type.bundle.unit-test";
		};
		AAFDD2D92E57B7FB0005D5DA /* Tilt AI V2UITests */ = {
			isa = PBXNativeTarget;
			buildConfigurationList = AAFDD2EB2E57B7FB0005D5DA /* Build configuration list for PBXNativeTarget "Tilt AI V2UITests" */;
			buildPhases = (
				AAFDD2D62E57B7FB0005D5DA /* Sources */,
				AAFDD2D72E57B7FB0005D5DA /* Frameworks */,
				AAFDD2D82E57B7FB0005D5DA /* Resources */,
			);
			buildRules = (
			);
			dependencies = (
				AAFDD2DC2E57B7FB0005D5DA /* PBXTargetDependency */,
			);
			fileSystemSynchronizedGroups = (
				AAFDD2DD2E57B7FB0005D5DA /* Tilt AI V2UITests */,
			);
			name = "Tilt AI V2UITests";
			packageProductDependencies = (
			);
			productName = "Tilt AI V2UITests";
			productReference = AAFDD2DA2E57B7FB0005D5DA /* Tilt AI V2UITests.xctest */;
			productType = "com.apple.product-type.bundle.ui-testing";
		};
/* End PBXNativeTarget section */

/* Begin PBXProject section */
		AAFDD2B22E57B7F90005D5DA /* Project object */ = {
			isa = PBXProject;
			attributes = {
				BuildIndependentTargetsInParallel = 1;
				LastSwiftUpdateCheck = 1640;
				LastUpgradeCheck = 1640;
				TargetAttributes = {
					AAFDD2B92E57B7F90005D5DA = {
						CreatedOnToolsVersion = 16.4;
					};
					AAFDD2CF2E57B7FB0005D5DA = {
						CreatedOnToolsVersion = 16.4;
						TestTargetID = AAFDD2B92E57B7F90005D5DA;
					};
					AAFDD2D92E57B7FB0005D5DA = {
						CreatedOnToolsVersion = 16.4;
						TestTargetID = AAFDD2B92E57B7F90005D5DA;
					};
				};
			};
			buildConfigurationList = AAFDD2B52E57B7F90005D5DA /* Build configuration list for PBXProject "Tilt AI" */;
			developmentRegion = en;
			hasScannedForEncodings = 0;
			knownRegions = (
				en,
				Base,
			);
			mainGroup = AAFDD2B12E57B7F90005D5DA;
			minimizedProjectReferenceProxies = 1;
			preferredProjectObjectVersion = 77;
			productRefGroup = AAFDD2BB2E57B7F90005D5DA /* Products */;
			projectDirPath = "";
			projectRoot = "";
			targets = (
				AAFDD2B92E57B7F90005D5DA /* Tilt AI V2 */,
				AAFDD2CF2E57B7FB0005D5DA /* Tilt AI V2Tests */,
				AAFDD2D92E57B7FB0005D5DA /* Tilt AI V2UITests */,
			);
		};
/* End PBXProject section */

/* Begin PBXResourcesBuildPhase section */
		AAFDD2B82E57B7F90005D5DA /* Resources */ = {
			isa = PBXResourcesBuildPhase;
			buildActionMask = 2147483647;
			files = (
			);
			runOnlyForDeploymentPostprocessing = 0;
		};
		AAFDD2CE2E57B7FB0005D5DA /* Resources */ = {
			isa = PBXResourcesBuildPhase;
			buildActionMask = 2147483647;
			files = (
			);
			runOnlyForDeploymentPostprocessing = 0;
		};
		AAFDD2D82E57B7FB0005D5DA /* Resources */ = {
			isa = PBXResourcesBuildPhase;
			buildActionMask = 2147483647;
			files = (
			);
			runOnlyForDeploymentPostprocessing = 0;
		};
/* End PBXResourcesBuildPhase section */

/* Begin PBXSourcesBuildPhase section */
		AAFDD2B62E57B7F90005D5DA /* Sources */ = {
			isa = PBXSourcesBuildPhase;
			buildActionMask = 2147483647;
			files = (
			);
			runOnlyForDeploymentPostprocessing = 0;
		};
		AAFDD2CC2E57B7FB0005D5DA /* Sources */ = {
			isa = PBXSourcesBuildPhase;
			buildActionMask = 2147483647;
			files = (
			);
			runOnlyForDeploymentPostprocessing = 0;
		};
		AAFDD2D62E57B7FB0005D5DA /* Sources */ = {
			isa = PBXSourcesBuildPhase;
			buildActionMask = 2147483647;
			files = (
			);
			runOnlyForDeploymentPostprocessing = 0;
		};
/* End PBXSourcesBuildPhase section */

/* Begin PBXTargetDependency section */
		AAFDD2D22E57B7FB0005D5DA /* PBXTargetDependency */ = {
			isa = PBXTargetDependency;
			target = AAFDD2B92E57B7F90005D5DA /* Tilt AI V2 */;
			targetProxy = AAFDD2D12E57B7FB0005D5DA /* PBXContainerItemProxy */;
		};
		AAFDD2DC2E57B7FB0005D5DA /* PBXTargetDependency */ = {
			isa = PBXTargetDependency;
			target = AAFDD2B92E57B7F90005D5DA /* Tilt AI V2 */;
			targetProxy = AAFDD2DB2E57B7FB0005D5DA /* PBXContainerItemProxy */;
		};
/* End PBXTargetDependency section */

/* Begin XCBuildConfiguration section */
		AAFDD2E42E57B7FB0005D5DA /* Debug */ = {
			isa = XCBuildConfiguration;
			buildSettings = {
				ASSETCATALOG_COMPILER_APPICON_NAME = AppIcon;
				ASSETCATALOG_COMPILER_GLOBAL_ACCENT_COLOR_NAME = AccentColor;
				ASSETCATALOG_COMPILER_INCLUDE_ALL_APPICON_ASSETS = NO;
				CODE_SIGN_IDENTITY = "Apple Development";
				CODE_SIGN_STYLE = Automatic;
				CURRENT_PROJECT_VERSION = 1;
				DEVELOPMENT_TEAM = EPDF3ATTJ8;
				GENERATE_INFOPLIST_FILE = YES;
				INFOPLIST_FILE = "Tilt AI V2/Info.plist";
				INFOPLIST_KEY_CFBundleDisplayName = "Tilt AI";
				INFOPLIST_KEY_LSApplicationCategoryType = "public.app-category.reference";
				INFOPLIST_KEY_UIApplicationSupportsIndirectInputEvents = YES;
				INFOPLIST_KEY_UILaunchStoryboardName = LaunchScreen;
				INFOPLIST_KEY_UIMainStoryboardFile = Main;
				INFOPLIST_KEY_UISupportedInterfaceOrientations_iPad = "UIInterfaceOrientationPortrait UIInterfaceOrientationPortraitUpsideDown UIInterfaceOrientationLandscapeLeft UIInterfaceOrientationLandscapeRight";
				INFOPLIST_KEY_UISupportedInterfaceOrientations_iPhone = "UIInterfaceOrientationPortrait UIInterfaceOrientationLandscapeLeft UIInterfaceOrientationLandscapeRight";
				IPHONEOS_DEPLOYMENT_TARGET = 17.0;
				LD_RUNPATH_SEARCH_PATHS = (
					"$(inherited)",
					"@executable_path/Frameworks",
				);
				MARKETING_VERSION = 1.0;
				PRODUCT_BUNDLE_IDENTIFIER = "com.correlation.Tilt-AI-V2";
				PRODUCT_NAME = "$(TARGET_NAME)";
				PROVISIONING_PROFILE_SPECIFIER = "";
				SWIFT_EMIT_LOC_STRINGS = YES;
				SWIFT_VERSION = 5.0;
				TARGETED_DEVICE_FAMILY = "1,2";
			};
			name = Debug;
		};
		AAFDD2E52E57B7FB0005D5DA /* Release */ = {
			isa = XCBuildConfiguration;
			buildSettings = {
				ASSETCATALOG_COMPILER_APPICON_NAME = AppIcon;
				ASSETCATALOG_COMPILER_GLOBAL_ACCENT_COLOR_NAME = AccentColor;
				ASSETCATALOG_COMPILER_INCLUDE_ALL_APPICON_ASSETS = NO;
				CODE_SIGN_STYLE = Manual;
				CURRENT_PROJECT_VERSION = 1;
				DEVELOPMENT_TEAM = "";
				GENERATE_INFOPLIST_FILE = YES;
				INFOPLIST_FILE = "Tilt AI V2/Info.plist";
				INFOPLIST_KEY_CFBundleDisplayName = "Tilt AI";
				INFOPLIST_KEY_LSApplicationCategoryType = "public.app-category.reference";
				INFOPLIST_KEY_UIApplicationSupportsIndirectInputEvents = YES;
				INFOPLIST_KEY_UILaunchStoryboardName = LaunchScreen;
				INFOPLIST_KEY_UIMainStoryboardFile = Main;
				INFOPLIST_KEY_UISupportedInterfaceOrientations_iPad = "UIInterfaceOrientationPortrait UIInterfaceOrientationPortraitUpsideDown UIInterfaceOrientationLandscapeLeft UIInterfaceOrientationLandscapeRight";
				INFOPLIST_KEY_UISupportedInterfaceOrientations_iPhone = "UIInterfaceOrientationPortrait UIInterfaceOrientationLandscapeLeft UIInterfaceOrientationLandscapeRight";
				IPHONEOS_DEPLOYMENT_TARGET = 17.0;
				LD_RUNPATH_SEARCH_PATHS = (
					"$(inherited)",
					"@executable_path/Frameworks",
				);
				MARKETING_VERSION = 1.0;
				PRODUCT_BUNDLE_IDENTIFIER = "com.correlation.Tilt-AI";
				PRODUCT_NAME = "$(TARGET_NAME)";
				PROVISIONING_PROFILE_SPECIFIER = "";
				SWIFT_EMIT_LOC_STRINGS = YES;
				SWIFT_VERSION = 5.0;
				TARGETED_DEVICE_FAMILY = "1,2";
			};
			name = Release;
		};
		AAFDD2E62E57B7FB0005D5DA /* Debug */ = {
			isa = XCBuildConfiguration;
			buildSettings = {
				ALWAYS_SEARCH_USER_PATHS = NO;
				ASSETCATALOG_COMPILER_GENERATE_SWIFT_ASSET_SYMBOL_EXTENSIONS = YES;
				CLANG_ANALYZER_NONNULL = YES;
				CLANG_ANALYZER_NUMBER_OBJECT_CONVERSION = YES_AGGRESSIVE;
				CLANG_CXX_LANGUAGE_STANDARD = "gnu++20";
				CLANG_ENABLE_MODULES = YES;
				CLANG_ENABLE_OBJC_ARC = YES;
				CLANG_ENABLE_OBJC_WEAK = YES;
				CLANG_WARN_BLOCK_CAPTURE_AUTORELEASING = YES;
				CLANG_WARN_BOOL_CONVERSION = YES;
				CLANG_WARN_COMMA = YES;
				CLANG_WARN_CONSTANT_CONVERSION = YES;
				CLANG_WARN_DEPRECATED_OBJC_IMPLEMENTATIONS = YES;
				CLANG_WARN_DIRECT_OBJC_ISA_USAGE = YES_ERROR;
				CLANG_WARN_DOCUMENTATION_COMMENTS = YES;
				CLANG_WARN_EMPTY_BODY = YES;
				CLANG_WARN_ENUM_CONVERSION = YES;
				CLANG_WARN_INFINITE_RECURSION = YES;
				CLANG_WARN_INT_CONVERSION = YES;
				CLANG_WARN_NON_LITERAL_NULL_CONVERSION = YES;
				CLANG_WARN_OBJC_IMPLICIT_RETAIN_SELF = YES;
				CLANG_WARN_OBJC_LITERAL_CONVERSION = YES;
				CLANG_WARN_OBJC_ROOT_CLASS = YES_ERROR;
				CLANG_WARN_QUOTED_INCLUDE_IN_FRAMEWORK_HEADER = YES;
				CLANG_WARN_RANGE_LOOP_ANALYSIS = YES;
				CLANG_WARN_STRICT_PROTOTYPES = YES;
				CLANG_WARN_SUSPICIOUS_MOVE = YES;
				CLANG_WARN_UNGUARDED_AVAILABILITY = YES_AGGRESSIVE;
				CLANG_WARN_UNREACHABLE_CODE = YES;
				CLANG_WARN__DUPLICATE_METHOD_MATCH = YES;
				COPY_PHASE_STRIP = NO;
				DEBUG_INFORMATION_FORMAT = dwarf;
				ENABLE_STRICT_OBJC_MSGSEND = YES;
				ENABLE_TESTABILITY = YES;
				ENABLE_USER_SCRIPT_SANDBOXING = YES;
				GCC_C_LANGUAGE_STANDARD = gnu17;
				GCC_DYNAMIC_NO_PIC = NO;
				GCC_NO_COMMON_BLOCKS = YES;
				GCC_OPTIMIZATION_LEVEL = 0;
				GCC_PREPROCESSOR_DEFINITIONS = (
					"DEBUG=1",
					"$(inherited)",
				);
				GCC_WARN_64_TO_32_BIT_CONVERSION = YES;
				GCC_WARN_ABOUT_RETURN_TYPE = YES_ERROR;
				GCC_WARN_UNDECLARED_SELECTOR = YES;
				GCC_WARN_UNINITIALIZED_AUTOS = YES_AGGRESSIVE;
				GCC_WARN_UNUSED_FUNCTION = YES;
				GCC_WARN_UNUSED_VARIABLE = YES;
				IPHONEOS_DEPLOYMENT_TARGET = 18.5;
				LOCALIZATION_PREFERS_STRING_CATALOGS = YES;
				MTL_ENABLE_DEBUG_INFO = INCLUDE_SOURCE;
				MTL_FAST_MATH = YES;
				ONLY_ACTIVE_ARCH = YES;
				SDKROOT = iphoneos;
				SWIFT_ACTIVE_COMPILATION_CONDITIONS = "DEBUG $(inherited)";
				SWIFT_OPTIMIZATION_LEVEL = "-Onone";
			};
			name = Debug;
		};
		AAFDD2E72E57B7FB0005D5DA /* Release */ = {
			isa = XCBuildConfiguration;
			buildSettings = {
				ALWAYS_SEARCH_USER_PATHS = NO;
				ASSETCATALOG_COMPILER_GENERATE_SWIFT_ASSET_SYMBOL_EXTENSIONS = YES;
				CLANG_ANALYZER_NONNULL = YES;
				CLANG_ANALYZER_NUMBER_OBJECT_CONVERSION = YES_AGGRESSIVE;
				CLANG_CXX_LANGUAGE_STANDARD = "gnu++20";
				CLANG_ENABLE_MODULES = YES;
				CLANG_ENABLE_OBJC_ARC = YES;
				CLANG_ENABLE_OBJC_WEAK = YES;
				CLANG_WARN_BLOCK_CAPTURE_AUTORELEASING = YES;
				CLANG_WARN_BOOL_CONVERSION = YES;
				CLANG_WARN_COMMA = YES;
				CLANG_WARN_CONSTANT_CONVERSION = YES;
				CLANG_WARN_DEPRECATED_OBJC_IMPLEMENTATIONS = YES;
				CLANG_WARN_DIRECT_OBJC_ISA_USAGE = YES_ERROR;
				CLANG_WARN_DOCUMENTATION_COMMENTS = YES;
				CLANG_WARN_EMPTY_BODY = YES;
				CLANG_WARN_ENUM_CONVERSION = YES;
				CLANG_WARN_INFINITE_RECURSION = YES;
				CLANG_WARN_INT_CONVERSION = YES;
				CLANG_WARN_NON_LITERAL_NULL_CONVERSION = YES;
				CLANG_WARN_OBJC_IMPLICIT_RETAIN_SELF = YES;
				CLANG_WARN_OBJC_LITERAL_CONVERSION = YES;
				CLANG_WARN_OBJC_ROOT_CLASS = YES_ERROR;
				CLANG_WARN_QUOTED_INCLUDE_IN_FRAMEWORK_HEADER = YES;
				CLANG_WARN_RANGE_LOOP_ANALYSIS = YES;
				CLANG_WARN_STRICT_PROTOTYPES = YES;
				CLANG_WARN_SUSPICIOUS_MOVE = YES;
				CLANG_WARN_UNGUARDED_AVAILABILITY = YES_AGGRESSIVE;
				CLANG_WARN_UNREACHABLE_CODE = YES;
				CLANG_WARN__DUPLICATE_METHOD_MATCH = YES;
				COPY_PHASE_STRIP = NO;
				DEBUG_INFORMATION_FORMAT = "dwarf-with-dsym";
				ENABLE_NS_ASSERTIONS = NO;
				ENABLE_STRICT_OBJC_MSGSEND = YES;
				ENABLE_USER_SCRIPT_SANDBOXING = YES;
				GCC_C_LANGUAGE_STANDARD = gnu17;
				GCC_NO_COMMON_BLOCKS = YES;
				GCC_WARN_64_TO_32_BIT_CONVERSION = YES;
				GCC_WARN_ABOUT_RETURN_TYPE = YES_ERROR;
				GCC_WARN_UNDECLARED_SELECTOR = YES;
				GCC_WARN_UNINITIALIZED_AUTOS = YES_AGGRESSIVE;
				GCC_WARN_UNUSED_FUNCTION = YES;
				GCC_WARN_UNUSED_VARIABLE = YES;
				IPHONEOS_DEPLOYMENT_TARGET = 18.5;
				LOCALIZATION_PREFERS_STRING_CATALOGS = YES;
				MTL_ENABLE_DEBUG_INFO = NO;
				MTL_FAST_MATH = YES;
				SDKROOT = iphoneos;
				SWIFT_COMPILATION_MODE = wholemodule;
				VALIDATE_PRODUCT = YES;
			};
			name = Release;
		};
		AAFDD2E92E57B7FB0005D5DA /* Debug */ = {
			isa = XCBuildConfiguration;
			buildSettings = {
				BUNDLE_LOADER = "$(TEST_HOST)";
				CODE_SIGN_STYLE = Automatic;
				CURRENT_PROJECT_VERSION = 1;
				GENERATE_INFOPLIST_FILE = YES;
				IPHONEOS_DEPLOYMENT_TARGET = 18.5;
				MARKETING_VERSION = 1.0;
				PRODUCT_BUNDLE_IDENTIFIER = "com.correlation.Tilt-AI-V2Tests";
				PRODUCT_NAME = "$(TARGET_NAME)";
				SWIFT_EMIT_LOC_STRINGS = NO;
				SWIFT_VERSION = 5.0;
				TARGETED_DEVICE_FAMILY = "1,2";
				TEST_HOST = "$(BUILT_PRODUCTS_DIR)/Tilt AI V2.app/$(BUNDLE_EXECUTABLE_FOLDER_PATH)/Tilt AI V2";
			};
			name = Debug;
		};
		AAFDD2EA2E57B7FB0005D5DA /* Release */ = {
			isa = XCBuildConfiguration;
			buildSettings = {
				BUNDLE_LOADER = "$(TEST_HOST)";
				CODE_SIGN_STYLE = Automatic;
				CURRENT_PROJECT_VERSION = 1;
				GENERATE_INFOPLIST_FILE = YES;
				IPHONEOS_DEPLOYMENT_TARGET = 18.5;
				MARKETING_VERSION = 1.0;
				PRODUCT_BUNDLE_IDENTIFIER = "com.correlation.Tilt-AI-V2Tests";
				PRODUCT_NAME = "$(TARGET_NAME)";
				SWIFT_EMIT_LOC_STRINGS = NO;
				SWIFT_VERSION = 5.0;
				TARGETED_DEVICE_FAMILY = "1,2";
				TEST_HOST = "$(BUILT_PRODUCTS_DIR)/Tilt AI V2.app/$(BUNDLE_EXECUTABLE_FOLDER_PATH)/Tilt AI V2";
			};
			name = Release;
		};
		AAFDD2EC2E57B7FB0005D5DA /* Debug */ = {
			isa = XCBuildConfiguration;
			buildSettings = {
				CODE_SIGN_STYLE = Automatic;
				CURRENT_PROJECT_VERSION = 1;
				GENERATE_INFOPLIST_FILE = YES;
				MARKETING_VERSION = 1.0;
				PRODUCT_BUNDLE_IDENTIFIER = "com.correlation.Tilt-AI-V2UITests";
				PRODUCT_NAME = "$(TARGET_NAME)";
				SWIFT_EMIT_LOC_STRINGS = NO;
				SWIFT_VERSION = 5.0;
				TARGETED_DEVICE_FAMILY = "1,2";
				TEST_TARGET_NAME = "Tilt AI V2";
			};
			name = Debug;
		};
		AAFDD2ED2E57B7FB0005D5DA /* Release */ = {
			isa = XCBuildConfiguration;
			buildSettings = {
				CODE_SIGN_STYLE = Automatic;
				CURRENT_PROJECT_VERSION = 1;
				GENERATE_INFOPLIST_FILE = YES;
				MARKETING_VERSION = 1.0;
				PRODUCT_BUNDLE_IDENTIFIER = "com.correlation.Tilt-AI-V2UITests";
				PRODUCT_NAME = "$(TARGET_NAME)";
				SWIFT_EMIT_LOC_STRINGS = NO;
				SWIFT_VERSION = 5.0;
				TARGETED_DEVICE_FAMILY = "1,2";
				TEST_TARGET_NAME = "Tilt AI V2";
			};
			name = Release;
		};
/* End XCBuildConfiguration section */

/* Begin XCConfigurationList section */
		AAFDD2B52E57B7F90005D5DA /* Build configuration list for PBXProject "Tilt AI" */ = {
			isa = XCConfigurationList;
			buildConfigurations = (
				AAFDD2E62E57B7FB0005D5DA /* Debug */,
				AAFDD2E72E57B7FB0005D5DA /* Release */,
			);
			defaultConfigurationIsVisible = 0;
			defaultConfigurationName = Release;
		};
		AAFDD2E32E57B7FB0005D5DA /* Build configuration list for PBXNativeTarget "Tilt AI V2" */ = {
			isa = XCConfigurationList;
			buildConfigurations = (
				AAFDD2E42E57B7FB0005D5DA /* Debug */,
				AAFDD2E52E57B7FB0005D5DA /* Release */,
			);
			defaultConfigurationIsVisible = 0;
			defaultConfigurationName = Release;
		};
		AAFDD2E82E57B7FB0005D5DA /* Build configuration list for PBXNativeTarget "Tilt AI V2Tests" */ = {
			isa = XCConfigurationList;
			buildConfigurations = (
				AAFDD2E92E57B7FB0005D5DA /* Debug */,
				AAFDD2EA2E57B7FB0005D5DA /* Release */,
			);
			defaultConfigurationIsVisible = 0;
			defaultConfigurationName = Release;
		};
		AAFDD2EB2E57B7FB0005D5DA /* Build configuration list for PBXNativeTarget "Tilt AI V2UITests" */ = {
			isa = XCConfigurationList;
			buildConfigurations = (
				AAFDD2EC2E57B7FB0005D5DA /* Debug */,
				AAFDD2ED2E57B7FB0005D5DA /* Release */,
			);
			defaultConfigurationIsVisible = 0;
			defaultConfigurationName = Release;
		};
/* End XCConfigurationList section */
	};
	rootObject = AAFDD2B22E57B7F90005D5DA /* Project object */;
}
